// !$*UTF8*$!
{
	archiveVersion = 1;
	classes = {
	};
	objectVersion = 50;
	objects = {

/* Begin PBXBuildFile section */
		41B5EF6026D188A4009FFD86 /* AppDelegate.swift in Sources */ = {isa = PBXBuildFile; fileRef = 41B5EF5F26D188A4009FFD86 /* AppDelegate.swift */; };
		41B5EF6226D188A4009FFD86 /* GameScene.sks in Resources */ = {isa = PBXBuildFile; fileRef = 41B5EF6126D188A4009FFD86 /* GameScene.sks */; };
		41B5EF6426D188A4009FFD86 /* Actions.sks in Resources */ = {isa = PBXBuildFile; fileRef = 41B5EF6326D188A4009FFD86 /* Actions.sks */; };
		41B5EF6626D188A4009FFD86 /* GameScene.swift in Sources */ = {isa = PBXBuildFile; fileRef = 41B5EF6526D188A4009FFD86 /* GameScene.swift */; };
		41B5EF6826D188A4009FFD86 /* GameViewController.swift in Sources */ = {isa = PBXBuildFile; fileRef = 41B5EF6726D188A4009FFD86 /* GameViewController.swift */; };
		41B5EF6B26D188A4009FFD86 /* Main.storyboard in Resources */ = {isa = PBXBuildFile; fileRef = 41B5EF6926D188A4009FFD86 /* Main.storyboard */; };
		41B5EF6D26D188A5009FFD86 /* Assets.xcassets in Resources */ = {isa = PBXBuildFile; fileRef = 41B5EF6C26D188A5009FFD86 /* Assets.xcassets */; };
		41B5EF7526D19CCF009FFD86 /* GameStartScene.swift in Sources */ = {isa = PBXBuildFile; fileRef = 41B5EF7426D19CCF009FFD86 /* GameStartScene.swift */; };
		41B5EFBB26D2B5F8009FFD86 /* StartandMenuLogic.swift in Sources */ = {isa = PBXBuildFile; fileRef = 41B5EFBA26D2B5F8009FFD86 /* StartandMenuLogic.swift */; };
		41B5EFBD26D2B7A5009FFD86 /* GlobalVariables.swift in Sources */ = {isa = PBXBuildFile; fileRef = 41B5EFBC26D2B7A5009FFD86 /* GlobalVariables.swift */; };
		41B5EFBF26D316E1009FFD86 /* OptionsScene.swift in Sources */ = {isa = PBXBuildFile; fileRef = 41B5EFBE26D316E1009FFD86 /* OptionsScene.swift */; };
/* End PBXBuildFile section */

/* Begin PBXFileReference section */
		41B5EF5C26D188A4009FFD86 /* StartScreenTest-1.app */ = {isa = PBXFileReference; explicitFileType = wrapper.application; includeInIndex = 0; path = "StartScreenTest-1.app"; sourceTree = BUILT_PRODUCTS_DIR; };
		41B5EF5F26D188A4009FFD86 /* AppDelegate.swift */ = {isa = PBXFileReference; lastKnownFileType = sourcecode.swift; path = AppDelegate.swift; sourceTree = "<group>"; };
		41B5EF6126D188A4009FFD86 /* GameScene.sks */ = {isa = PBXFileReference; lastKnownFileType = file.sks; path = GameScene.sks; sourceTree = "<group>"; };
		41B5EF6326D188A4009FFD86 /* Actions.sks */ = {isa = PBXFileReference; lastKnownFileType = file.sks; path = Actions.sks; sourceTree = "<group>"; };
		41B5EF6526D188A4009FFD86 /* GameScene.swift */ = {isa = PBXFileReference; lastKnownFileType = sourcecode.swift; path = GameScene.swift; sourceTree = "<group>"; };
		41B5EF6726D188A4009FFD86 /* GameViewController.swift */ = {isa = PBXFileReference; lastKnownFileType = sourcecode.swift; path = GameViewController.swift; sourceTree = "<group>"; };
		41B5EF6A26D188A4009FFD86 /* Base */ = {isa = PBXFileReference; lastKnownFileType = file.storyboard; name = Base; path = Base.lproj/Main.storyboard; sourceTree = "<group>"; };
		41B5EF6C26D188A5009FFD86 /* Assets.xcassets */ = {isa = PBXFileReference; lastKnownFileType = folder.assetcatalog; path = Assets.xcassets; sourceTree = "<group>"; };
		41B5EF6E26D188A5009FFD86 /* Info.plist */ = {isa = PBXFileReference; lastKnownFileType = text.plist.xml; path = Info.plist; sourceTree = "<group>"; };
		41B5EF7426D19CCF009FFD86 /* GameStartScene.swift */ = {isa = PBXFileReference; lastKnownFileType = sourcecode.swift; path = GameStartScene.swift; sourceTree = "<group>"; };
		41B5EFBA26D2B5F8009FFD86 /* StartandMenuLogic.swift */ = {isa = PBXFileReference; lastKnownFileType = sourcecode.swift; path = StartandMenuLogic.swift; sourceTree = "<group>"; };
		41B5EFBC26D2B7A5009FFD86 /* GlobalVariables.swift */ = {isa = PBXFileReference; lastKnownFileType = sourcecode.swift; path = GlobalVariables.swift; sourceTree = "<group>"; };
		41B5EFBE26D316E1009FFD86 /* OptionsScene.swift */ = {isa = PBXFileReference; lastKnownFileType = sourcecode.swift; path = OptionsScene.swift; sourceTree = "<group>"; };
/* End PBXFileReference section */

/* Begin PBXFrameworksBuildPhase section */
		41B5EF5926D188A4009FFD86 /* Frameworks */ = {
			isa = PBXFrameworksBuildPhase;
			buildActionMask = 2147483647;
			files = (
			);
			runOnlyForDeploymentPostprocessing = 0;
		};
/* End PBXFrameworksBuildPhase section */

/* Begin PBXGroup section */
		41B5EF5326D188A4009FFD86 = {
			isa = PBXGroup;
			children = (
				41B5EF5E26D188A4009FFD86 /* StartScreenTest-1 */,
				41B5EF5D26D188A4009FFD86 /* Products */,
			);
			sourceTree = "<group>";
		};
		41B5EF5D26D188A4009FFD86 /* Products */ = {
			isa = PBXGroup;
			children = (
				41B5EF5C26D188A4009FFD86 /* StartScreenTest-1.app */,
			);
			name = Products;
			sourceTree = "<group>";
		};
		41B5EF5E26D188A4009FFD86 /* StartScreenTest-1 */ = {
			isa = PBXGroup;
			children = (
				41B5EF5F26D188A4009FFD86 /* AppDelegate.swift */,
				41B5EF6126D188A4009FFD86 /* GameScene.sks */,
				41B5EF6326D188A4009FFD86 /* Actions.sks */,
				41B5EF6526D188A4009FFD86 /* GameScene.swift */,
				41B5EF6726D188A4009FFD86 /* GameViewController.swift */,
				41B5EF6926D188A4009FFD86 /* Main.storyboard */,
				41B5EF6C26D188A5009FFD86 /* Assets.xcassets */,
				41B5EF6E26D188A5009FFD86 /* Info.plist */,
				41B5EF7426D19CCF009FFD86 /* GameStartScene.swift */,
				41B5EFBA26D2B5F8009FFD86 /* StartandMenuLogic.swift */,
				41B5EFBC26D2B7A5009FFD86 /* GlobalVariables.swift */,
				41B5EFBE26D316E1009FFD86 /* OptionsScene.swift */,
			);
			path = "StartScreenTest-1";
			sourceTree = "<group>";
		};
/* End PBXGroup section */

/* Begin PBXNativeTarget section */
		41B5EF5B26D188A4009FFD86 /* StartScreenTest-1 */ = {
			isa = PBXNativeTarget;
			buildConfigurationList = 41B5EF7126D188A5009FFD86 /* Build configuration list for PBXNativeTarget "StartScreenTest-1" */;
			buildPhases = (
				41B5EF5826D188A4009FFD86 /* Sources */,
				41B5EF5926D188A4009FFD86 /* Frameworks */,
				41B5EF5A26D188A4009FFD86 /* Resources */,
			);
			buildRules = (
			);
			dependencies = (
			);
			name = "StartScreenTest-1";
			productName = "StartScreenTest-1";
			productReference = 41B5EF5C26D188A4009FFD86 /* StartScreenTest-1.app */;
			productType = "com.apple.product-type.application";
		};
/* End PBXNativeTarget section */

/* Begin PBXProject section */
		41B5EF5426D188A4009FFD86 /* Project object */ = {
			isa = PBXProject;
			attributes = {
				LastSwiftUpdateCheck = 1250;
				LastUpgradeCheck = 1250;
				TargetAttributes = {
					41B5EF5B26D188A4009FFD86 = {
						CreatedOnToolsVersion = 12.5.1;
					};
				};
			};
			buildConfigurationList = 41B5EF5726D188A4009FFD86 /* Build configuration list for PBXProject "StartScreenTest-1" */;
			compatibilityVersion = "Xcode 9.3";
			developmentRegion = en;
			hasScannedForEncodings = 0;
			knownRegions = (
				en,
				Base,
			);
			mainGroup = 41B5EF5326D188A4009FFD86;
			productRefGroup = 41B5EF5D26D188A4009FFD86 /* Products */;
			projectDirPath = "";
			projectRoot = "";
			targets = (
				41B5EF5B26D188A4009FFD86 /* StartScreenTest-1 */,
			);
		};
/* End PBXProject section */

/* Begin PBXResourcesBuildPhase section */
		41B5EF5A26D188A4009FFD86 /* Resources */ = {
			isa = PBXResourcesBuildPhase;
			buildActionMask = 2147483647;
			files = (
				41B5EF6B26D188A4009FFD86 /* Main.storyboard in Resources */,
				41B5EF6226D188A4009FFD86 /* GameScene.sks in Resources */,
				41B5EF6D26D188A5009FFD86 /* Assets.xcassets in Resources */,
				41B5EF6426D188A4009FFD86 /* Actions.sks in Resources */,
			);
			runOnlyForDeploymentPostprocessing = 0;
		};
/* End PBXResourcesBuildPhase section */

/* Begin PBXSourcesBuildPhase section */
		41B5EF5826D188A4009FFD86 /* Sources */ = {
			isa = PBXSourcesBuildPhase;
			buildActionMask = 2147483647;
			files = (
				41B5EFBD26D2B7A5009FFD86 /* GlobalVariables.swift in Sources */,
				41B5EFBF26D316E1009FFD86 /* OptionsScene.swift in Sources */,
				41B5EF6626D188A4009FFD86 /* GameScene.swift in Sources */,
				41B5EF7526D19CCF009FFD86 /* GameStartScene.swift in Sources */,
				41B5EF6826D188A4009FFD86 /* GameViewController.swift in Sources */,
				41B5EFBB26D2B5F8009FFD86 /* StartandMenuLogic.swift in Sources */,
				41B5EF6026D188A4009FFD86 /* AppDelegate.swift in Sources */,
			);
			runOnlyForDeploymentPostprocessing = 0;
		};
/* End PBXSourcesBuildPhase section */

/* Begin PBXVariantGroup section */
		41B5EF6926D188A4009FFD86 /* Main.storyboard */ = {
			isa = PBXVariantGroup;
			children = (
				41B5EF6A26D188A4009FFD86 /* Base */,
			);
			name = Main.storyboard;
			sourceTree = "<group>";
		};
/* End PBXVariantGroup section */

/* Begin XCBuildConfiguration section */
		41B5EF6F26D188A5009FFD86 /* Debug */ = {
			isa = XCBuildConfiguration;
			buildSettings = {
				ALWAYS_SEARCH_USER_PATHS = NO;
				CLANG_ANALYZER_NONNULL = YES;
				CLANG_ANALYZER_NUMBER_OBJECT_CONVERSION = YES_AGGRESSIVE;
				CLANG_CXX_LANGUAGE_STANDARD = "gnu++14";
				CLANG_CXX_LIBRARY = "libc++";
				CLANG_ENABLE_MODULES = YES;
				CLANG_ENABLE_OBJC_ARC = YES;
				CLANG_ENABLE_OBJC_WEAK = YES;
				CLANG_WARN_BLOCK_CAPTURE_AUTORELEASING = YES;
				CLANG_WARN_BOOL_CONVERSION = YES;
				CLANG_WARN_COMMA = YES;
				CLANG_WARN_CONSTANT_CONVERSION = YES;
				CLANG_WARN_DEPRECATED_OBJC_IMPLEMENTATIONS = YES;
				CLANG_WARN_DIRECT_OBJC_ISA_USAGE = YES_ERROR;
				CLANG_WARN_DOCUMENTATION_COMMENTS = YES;
				CLANG_WARN_EMPTY_BODY = YES;
				CLANG_WARN_ENUM_CONVERSION = YES;
				CLANG_WARN_INFINITE_RECURSION = YES;
				CLANG_WARN_INT_CONVERSION = YES;
				CLANG_WARN_NON_LITERAL_NULL_CONVERSION = YES;
				CLANG_WARN_OBJC_IMPLICIT_RETAIN_SELF = YES;
				CLANG_WARN_OBJC_LITERAL_CONVERSION = YES;
				CLANG_WARN_OBJC_ROOT_CLASS = YES_ERROR;
				CLANG_WARN_QUOTED_INCLUDE_IN_FRAMEWORK_HEADER = YES;
				CLANG_WARN_RANGE_LOOP_ANALYSIS = YES;
				CLANG_WARN_STRICT_PROTOTYPES = YES;
				CLANG_WARN_SUSPICIOUS_MOVE = YES;
				CLANG_WARN_UNGUARDED_AVAILABILITY = YES_AGGRESSIVE;
				CLANG_WARN_UNREACHABLE_CODE = YES;
				CLANG_WARN__DUPLICATE_METHOD_MATCH = YES;
				COPY_PHASE_STRIP = NO;
				DEBUG_INFORMATION_FORMAT = dwarf;
				ENABLE_STRICT_OBJC_MSGSEND = YES;
				ENABLE_TESTABILITY = YES;
				GCC_C_LANGUAGE_STANDARD = gnu11;
				GCC_DYNAMIC_NO_PIC = NO;
				GCC_NO_COMMON_BLOCKS = YES;
				GCC_OPTIMIZATION_LEVEL = 0;
				GCC_PREPROCESSOR_DEFINITIONS = (
					"DEBUG=1",
					"$(inherited)",
				);
				GCC_WARN_64_TO_32_BIT_CONVERSION = YES;
				GCC_WARN_ABOUT_RETURN_TYPE = YES_ERROR;
				GCC_WARN_UNDECLARED_SELECTOR = YES;
				GCC_WARN_UNINITIALIZED_AUTOS = YES_AGGRESSIVE;
				GCC_WARN_UNUSED_FUNCTION = YES;
				GCC_WARN_UNUSED_VARIABLE = YES;
				IPHONEOS_DEPLOYMENT_TARGET = 14.5;
				MTL_ENABLE_DEBUG_INFO = INCLUDE_SOURCE;
				MTL_FAST_MATH = YES;
				ONLY_ACTIVE_ARCH = YES;
				SDKROOT = iphoneos;
				SWIFT_ACTIVE_COMPILATION_CONDITIONS = DEBUG;
				SWIFT_OPTIMIZATION_LEVEL = "-Onone";
			};
			name = Debug;
		};
		41B5EF7026D188A5009FFD86 /* Release */ = {
			isa = XCBuildConfiguration;
			buildSettings = {
				ALWAYS_SEARCH_USER_PATHS = NO;
				CLANG_ANALYZER_NONNULL = YES;
				CLANG_ANALYZER_NUMBER_OBJECT_CONVERSION = YES_AGGRESSIVE;
				CLANG_CXX_LANGUAGE_STANDARD = "gnu++14";
				CLANG_CXX_LIBRARY = "libc++";
				CLANG_ENABLE_MODULES = YES;
				CLANG_ENABLE_OBJC_ARC = YES;
				CLANG_ENABLE_OBJC_WEAK = YES;
				CLANG_WARN_BLOCK_CAPTURE_AUTORELEASING = YES;
				CLANG_WARN_BOOL_CONVERSION = YES;
				CLANG_WARN_COMMA = YES;
				CLANG_WARN_CONSTANT_CONVERSION = YES;
				CLANG_WARN_DEPRECATED_OBJC_IMPLEMENTATIONS = YES;
				CLANG_WARN_DIRECT_OBJC_ISA_USAGE = YES_ERROR;
				CLANG_WARN_DOCUMENTATION_COMMENTS = YES;
				CLANG_WARN_EMPTY_BODY = YES;
				CLANG_WARN_ENUM_CONVERSION = YES;
				CLANG_WARN_INFINITE_RECURSION = YES;
				CLANG_WARN_INT_CONVERSION = YES;
				CLANG_WARN_NON_LITERAL_NULL_CONVERSION = YES;
				CLANG_WARN_OBJC_IMPLICIT_RETAIN_SELF = YES;
				CLANG_WARN_OBJC_LITERAL_CONVERSION = YES;
				CLANG_WARN_OBJC_ROOT_CLASS = YES_ERROR;
				CLANG_WARN_QUOTED_INCLUDE_IN_FRAMEWORK_HEADER = YES;
				CLANG_WARN_RANGE_LOOP_ANALYSIS = YES;
				CLANG_WARN_STRICT_PROTOTYPES = YES;
				CLANG_WARN_SUSPICIOUS_MOVE = YES;
				CLANG_WARN_UNGUARDED_AVAILABILITY = YES_AGGRESSIVE;
				CLANG_WARN_UNREACHABLE_CODE = YES;
				CLANG_WARN__DUPLICATE_METHOD_MATCH = YES;
				COPY_PHASE_STRIP = NO;
				DEBUG_INFORMATION_FORMAT = "dwarf-with-dsym";
				ENABLE_NS_ASSERTIONS = NO;
				ENABLE_STRICT_OBJC_MSGSEND = YES;
				GCC_C_LANGUAGE_STANDARD = gnu11;
				GCC_NO_COMMON_BLOCKS = YES;
				GCC_WARN_64_TO_32_BIT_CONVERSION = YES;
				GCC_WARN_ABOUT_RETURN_TYPE = YES_ERROR;
				GCC_WARN_UNDECLARED_SELECTOR = YES;
				GCC_WARN_UNINITIALIZED_AUTOS = YES_AGGRESSIVE;
				GCC_WARN_UNUSED_FUNCTION = YES;
				GCC_WARN_UNUSED_VARIABLE = YES;
				IPHONEOS_DEPLOYMENT_TARGET = 14.5;
				MTL_ENABLE_DEBUG_INFO = NO;
				MTL_FAST_MATH = YES;
				SDKROOT = iphoneos;
				SWIFT_COMPILATION_MODE = wholemodule;
				SWIFT_OPTIMIZATION_LEVEL = "-O";
				VALIDATE_PRODUCT = YES;
			};
			name = Release;
		};
		41B5EF7226D188A5009FFD86 /* Debug */ = {
			isa = XCBuildConfiguration;
			buildSettings = {
				ASSETCATALOG_COMPILER_APPICON_NAME = AppIcon;
				ASSETCATALOG_COMPILER_GLOBAL_ACCENT_COLOR_NAME = AccentColor;
				CODE_SIGN_STYLE = Automatic;
				DEVELOPMENT_TEAM = 947MDTH7AR;
				INFOPLIST_FILE = "StartScreenTest-1/Info.plist";
				LD_RUNPATH_SEARCH_PATHS = (
					"$(inherited)",
					"@executable_path/Frameworks",
				);
				PRODUCT_BUNDLE_IDENTIFIER = "FrankfurtIndustries.StartScreenTest-1";
				PRODUCT_NAME = "$(TARGET_NAME)";
				SWIFT_VERSION = 5.0;
				TARGETED_DEVICE_FAMILY = "1,2";
			};
			name = Debug;
		};
		41B5EF7326D188A5009FFD86 /* Release */ = {
			isa = XCBuildConfiguration;
			buildSettings = {
				ASSETCATALOG_COMPILER_APPICON_NAME = AppIcon;
				ASSETCATALOG_COMPILER_GLOBAL_ACCENT_COLOR_NAME = AccentColor;
				CODE_SIGN_STYLE = Automatic;
				DEVELOPMENT_TEAM = 947MDTH7AR;
				INFOPLIST_FILE = "StartScreenTest-1/Info.plist";
				LD_RUNPATH_SEARCH_PATHS = (
					"$(inherited)",
					"@executable_path/Frameworks",
				);
				PRODUCT_BUNDLE_IDENTIFIER = "FrankfurtIndustries.StartScreenTest-1";
				PRODUCT_NAME = "$(TARGET_NAME)";
				SWIFT_VERSION = 5.0;
				TARGETED_DEVICE_FAMILY = "1,2";
			};
			name = Release;
		};
/* End XCBuildConfiguration section */

/* Begin XCConfigurationList section */
		41B5EF5726D188A4009FFD86 /* Build configuration list for PBXProject "StartScreenTest-1" */ = {
			isa = XCConfigurationList;
			buildConfigurations = (
				41B5EF6F26D188A5009FFD86 /* Debug */,
				41B5EF7026D188A5009FFD86 /* Release */,
			);
			defaultConfigurationIsVisible = 0;
			defaultConfigurationName = Release;
		};
		41B5EF7126D188A5009FFD86 /* Build configuration list for PBXNativeTarget "StartScreenTest-1" */ = {
			isa = XCConfigurationList;
			buildConfigurations = (
				41B5EF7226D188A5009FFD86 /* Debug */,
				41B5EF7326D188A5009FFD86 /* Release */,
			);
			defaultConfigurationIsVisible = 0;
			defaultConfigurationName = Release;
		};
/* End XCConfigurationList section */
	};
	rootObject = 41B5EF5426D188A4009FFD86 /* Project object */;
}
